
Microsoft Visual Studio Solution File, Format Version 12.00
# Visual Studio Version 17
VisualStudioVersion = 17.5.002.0
MinimumVisualStudioVersion = 10.0.40219.1
Project("{2150E333-8FDC-42A3-9474-1A3956D46DE8}") = "lesson_1", "lesson_1", "{2F9D6554-363B-47DE-8F94-90B69C7B37E9}"
EndProject
Project("{9A19103F-16F7-4668-BE54-9A1E7A4F7556}") = "Task1", "lesson_1\Task1\Task1.csproj", "{5B9D110B-98F2-43AC-9E9D-B752D2EA9EC3}"
EndProject
Project("{9A19103F-16F7-4668-BE54-9A1E7A4F7556}") = "Task2", "lesson_1\Task2\Task2.csproj", "{96EB2A4E-DB39-4A1B-B889-E3AA8B691DC5}"
EndProject
Project("{9A19103F-16F7-4668-BE54-9A1E7A4F7556}") = "Task3", "lesson_1\Task3\Task3.csproj", "{25D0A471-BA0C-4BA5-A8EB-E83CB16F301B}"
EndProject
Project("{9A19103F-16F7-4668-BE54-9A1E7A4F7556}") = "Task4", "lesson_1\Task4\Task4.csproj", "{9B8C4816-75AB-45B3-959D-DED7102CEF57}"
EndProject
Project("{2150E333-8FDC-42A3-9474-1A3956D46DE8}") = "sem1", "sem1", "{F630A97A-B20E-44A3-8E53-7659AEB362F6}"
EndProject
Project("{9A19103F-16F7-4668-BE54-9A1E7A4F7556}") = "task1", "sem1\task1\task1.csproj", "{B4DF0C99-44A5-4603-AB38-32C2F739EBF0}"
EndProject
Project("{9A19103F-16F7-4668-BE54-9A1E7A4F7556}") = "task2", "sem1\task2\task2.csproj", "{0F312FAC-D4BC-40E2-BAC4-A49E7F68037D}"
EndProject
Project("{9A19103F-16F7-4668-BE54-9A1E7A4F7556}") = "task3", "sem1\task3\task3.csproj", "{16BC075E-2E49-48EF-B4D7-B5A7A5BDC22B}"
EndProject
Project("{9A19103F-16F7-4668-BE54-9A1E7A4F7556}") = "task4", "sem1\task4\task4.csproj", "{1B856B99-254F-40AA-98EB-DE0FFA79FF50}"
EndProject
Project("{9A19103F-16F7-4668-BE54-9A1E7A4F7556}") = "task5", "sem1\task5\task5.csproj", "{1F429C4B-D9BD-4023-B399-AE563066E55B}"
EndProject
Project("{2150E333-8FDC-42A3-9474-1A3956D46DE8}") = "sem2", "sem2", "{6AAC79EF-20BF-404F-B9A5-431D4A926608}"
EndProject
Project("{9A19103F-16F7-4668-BE54-9A1E7A4F7556}") = "task0", "sem2\task0\task0.csproj", "{C3CBACEA-85A9-4F96-B324-8018CBEEDF92}"
EndProject
Project("{9A19103F-16F7-4668-BE54-9A1E7A4F7556}") = "task1", "sem2\task1\task1.csproj", "{9BBD6492-B645-4947-BC10-E23F0DCBD785}"
EndProject
Global
	GlobalSection(SolutionConfigurationPlatforms) = preSolution
		Debug|Any CPU = Debug|Any CPU
		Release|Any CPU = Release|Any CPU
	EndGlobalSection
	GlobalSection(ProjectConfigurationPlatforms) = postSolution
		{5B9D110B-98F2-43AC-9E9D-B752D2EA9EC3}.Debug|Any CPU.ActiveCfg = Debug|Any CPU
		{5B9D110B-98F2-43AC-9E9D-B752D2EA9EC3}.Debug|Any CPU.Build.0 = Debug|Any CPU
		{5B9D110B-98F2-43AC-9E9D-B752D2EA9EC3}.Release|Any CPU.ActiveCfg = Release|Any CPU
		{5B9D110B-98F2-43AC-9E9D-B752D2EA9EC3}.Release|Any CPU.Build.0 = Release|Any CPU
		{96EB2A4E-DB39-4A1B-B889-E3AA8B691DC5}.Debug|Any CPU.ActiveCfg = Debug|Any CPU
		{96EB2A4E-DB39-4A1B-B889-E3AA8B691DC5}.Debug|Any CPU.Build.0 = Debug|Any CPU
		{96EB2A4E-DB39-4A1B-B889-E3AA8B691DC5}.Release|Any CPU.ActiveCfg = Release|Any CPU
		{96EB2A4E-DB39-4A1B-B889-E3AA8B691DC5}.Release|Any CPU.Build.0 = Release|Any CPU
		{25D0A471-BA0C-4BA5-A8EB-E83CB16F301B}.Debug|Any CPU.ActiveCfg = Debug|Any CPU
		{25D0A471-BA0C-4BA5-A8EB-E83CB16F301B}.Debug|Any CPU.Build.0 = Debug|Any CPU
		{25D0A471-BA0C-4BA5-A8EB-E83CB16F301B}.Release|Any CPU.ActiveCfg = Release|Any CPU
		{25D0A471-BA0C-4BA5-A8EB-E83CB16F301B}.Release|Any CPU.Build.0 = Release|Any CPU
		{9B8C4816-75AB-45B3-959D-DED7102CEF57}.Debug|Any CPU.ActiveCfg = Debug|Any CPU
		{9B8C4816-75AB-45B3-959D-DED7102CEF57}.Debug|Any CPU.Build.0 = Debug|Any CPU
		{9B8C4816-75AB-45B3-959D-DED7102CEF57}.Release|Any CPU.ActiveCfg = Release|Any CPU
		{9B8C4816-75AB-45B3-959D-DED7102CEF57}.Release|Any CPU.Build.0 = Release|Any CPU
		{B4DF0C99-44A5-4603-AB38-32C2F739EBF0}.Debug|Any CPU.ActiveCfg = Debug|Any CPU
		{B4DF0C99-44A5-4603-AB38-32C2F739EBF0}.Debug|Any CPU.Build.0 = Debug|Any CPU
		{B4DF0C99-44A5-4603-AB38-32C2F739EBF0}.Release|Any CPU.ActiveCfg = Release|Any CPU
		{B4DF0C99-44A5-4603-AB38-32C2F739EBF0}.Release|Any CPU.Build.0 = Release|Any CPU
		{0F312FAC-D4BC-40E2-BAC4-A49E7F68037D}.Debug|Any CPU.ActiveCfg = Debug|Any CPU
		{0F312FAC-D4BC-40E2-BAC4-A49E7F68037D}.Debug|Any CPU.Build.0 = Debug|Any CPU
		{0F312FAC-D4BC-40E2-BAC4-A49E7F68037D}.Release|Any CPU.ActiveCfg = Release|Any CPU
		{0F312FAC-D4BC-40E2-BAC4-A49E7F68037D}.Release|Any CPU.Build.0 = Release|Any CPU
		{16BC075E-2E49-48EF-B4D7-B5A7A5BDC22B}.Debug|Any CPU.ActiveCfg = Debug|Any CPU
		{16BC075E-2E49-48EF-B4D7-B5A7A5BDC22B}.Debug|Any CPU.Build.0 = Debug|Any CPU
		{16BC075E-2E49-48EF-B4D7-B5A7A5BDC22B}.Release|Any CPU.ActiveCfg = Release|Any CPU
		{16BC075E-2E49-48EF-B4D7-B5A7A5BDC22B}.Release|Any CPU.Build.0 = Release|Any CPU
		{1B856B99-254F-40AA-98EB-DE0FFA79FF50}.Debug|Any CPU.ActiveCfg = Debug|Any CPU
		{1B856B99-254F-40AA-98EB-DE0FFA79FF50}.Debug|Any CPU.Build.0 = Debug|Any CPU
		{1B856B99-254F-40AA-98EB-DE0FFA79FF50}.Release|Any CPU.ActiveCfg = Release|Any CPU
		{1B856B99-254F-40AA-98EB-DE0FFA79FF50}.Release|Any CPU.Build.0 = Release|Any CPU
		{1F429C4B-D9BD-4023-B399-AE563066E55B}.Debug|Any CPU.ActiveCfg = Debug|Any CPU
		{1F429C4B-D9BD-4023-B399-AE563066E55B}.Debug|Any CPU.Build.0 = Debug|Any CPU
		{1F429C4B-D9BD-4023-B399-AE563066E55B}.Release|Any CPU.ActiveCfg = Release|Any CPU
		{1F429C4B-D9BD-4023-B399-AE563066E55B}.Release|Any CPU.Build.0 = Release|Any CPU
		{C3CBACEA-85A9-4F96-B324-8018CBEEDF92}.Debug|Any CPU.ActiveCfg = Debug|Any CPU
		{C3CBACEA-85A9-4F96-B324-8018CBEEDF92}.Debug|Any CPU.Build.0 = Debug|Any CPU
		{C3CBACEA-85A9-4F96-B324-8018CBEEDF92}.Release|Any CPU.ActiveCfg = Release|Any CPU
		{C3CBACEA-85A9-4F96-B324-8018CBEEDF92}.Release|Any CPU.Build.0 = Release|Any CPU
		{9BBD6492-B645-4947-BC10-E23F0DCBD785}.Debug|Any CPU.ActiveCfg = Debug|Any CPU
		{9BBD6492-B645-4947-BC10-E23F0DCBD785}.Debug|Any CPU.Build.0 = Debug|Any CPU
		{9BBD6492-B645-4947-BC10-E23F0DCBD785}.Release|Any CPU.ActiveCfg = Release|Any CPU
		{9BBD6492-B645-4947-BC10-E23F0DCBD785}.Release|Any CPU.Build.0 = Release|Any CPU
	EndGlobalSection
	GlobalSection(SolutionProperties) = preSolution
		HideSolutionNode = FALSE
	EndGlobalSection
	GlobalSection(NestedProjects) = preSolution
		{5B9D110B-98F2-43AC-9E9D-B752D2EA9EC3} = {2F9D6554-363B-47DE-8F94-90B69C7B37E9}
		{96EB2A4E-DB39-4A1B-B889-E3AA8B691DC5} = {2F9D6554-363B-47DE-8F94-90B69C7B37E9}
		{25D0A471-BA0C-4BA5-A8EB-E83CB16F301B} = {2F9D6554-363B-47DE-8F94-90B69C7B37E9}
		{9B8C4816-75AB-45B3-959D-DED7102CEF57} = {2F9D6554-363B-47DE-8F94-90B69C7B37E9}
		{B4DF0C99-44A5-4603-AB38-32C2F739EBF0} = {F630A97A-B20E-44A3-8E53-7659AEB362F6}
		{0F312FAC-D4BC-40E2-BAC4-A49E7F68037D} = {F630A97A-B20E-44A3-8E53-7659AEB362F6}
		{16BC075E-2E49-48EF-B4D7-B5A7A5BDC22B} = {F630A97A-B20E-44A3-8E53-7659AEB362F6}
		{1B856B99-254F-40AA-98EB-DE0FFA79FF50} = {F630A97A-B20E-44A3-8E53-7659AEB362F6}
		{1F429C4B-D9BD-4023-B399-AE563066E55B} = {F630A97A-B20E-44A3-8E53-7659AEB362F6}
		{C3CBACEA-85A9-4F96-B324-8018CBEEDF92} = {6AAC79EF-20BF-404F-B9A5-431D4A926608}
		{9BBD6492-B645-4947-BC10-E23F0DCBD785} = {6AAC79EF-20BF-404F-B9A5-431D4A926608}
	EndGlobalSection
	GlobalSection(ExtensibilityGlobals) = postSolution
		SolutionGuid = {7B6F07EE-6341-4B90-9B8C-FD79D0C3E6C5}
	EndGlobalSection
EndGlobal
